
Microsoft Visual Studio Solution File, Format Version 12.00
# Visual Studio 15
VisualStudioVersion = 15.0.28307.572
MinimumVisualStudioVersion = 10.0.40219.1
Project("{FAE04EC0-301F-11D3-BF4B-00C04F79EFBC}") = "Sorting_Visualizer", "Sorting_Visualizer\Sorting_Visualizer.csproj", "{5DFE94C9-5D44-49A7-AC0A-1726385F30E7}"
EndProject
Global
	GlobalSection(SolutionConfigurationPlatforms) = preSolution
		Debug|Any CPU = Debug|Any CPU
		Release|Any CPU = Release|Any CPU
	EndGlobalSection
	GlobalSection(ProjectConfigurationPlatforms) = postSolution
		{5DFE94C9-5D44-49A7-AC0A-1726385F30E7}.Debug|Any CPU.ActiveCfg = Debug|Any CPU
		{5DFE94C9-5D44-49A7-AC0A-1726385F30E7}.Debug|Any CPU.Build.0 = Debug|Any CPU
		{5DFE94C9-5D44-49A7-AC0A-1726385F30E7}.Release|Any CPU.ActiveCfg = Release|Any CPU
		{5DFE94C9-5D44-49A7-AC0A-1726385F30E7}.Release|Any CPU.Build.0 = Release|Any CPU
	EndGlobalSection
	GlobalSection(SolutionProperties) = preSolution
		HideSolutionNode = FALSE
	EndGlobalSection
	GlobalSection(ExtensibilityGlobals) = postSolution
		SolutionGuid = {B177A270-5555-472B-8D0A-8B044A43CD79}
	EndGlobalSection
EndGlobal
